
Microsoft Visual Studio Solution File, Format Version 12.00
# Visual Studio Version 17
VisualStudioVersion = 17.6.33829.357
MinimumVisualStudioVersion = 10.0.40219.1
Project("{FAE04EC0-301F-11D3-BF4B-00C04F79EFBC}") = "Tarea de Luis Aneudy", "Tarea de Luis Aneudy\Tarea de Luis Aneudy.csproj", "{451AFC81-0581-4ABB-93A0-332E1D845FBE}"
EndProject
Global
	GlobalSection(SolutionConfigurationPlatforms) = preSolution
		Debug|Any CPU = Debug|Any CPU
		Release|Any CPU = Release|Any CPU
	EndGlobalSection
	GlobalSection(ProjectConfigurationPlatforms) = postSolution
		{451AFC81-0581-4ABB-93A0-332E1D845FBE}.Debug|Any CPU.ActiveCfg = Debug|Any CPU
		{451AFC81-0581-4ABB-93A0-332E1D845FBE}.Debug|Any CPU.Build.0 = Debug|Any CPU
		{451AFC81-0581-4ABB-93A0-332E1D845FBE}.Release|Any CPU.ActiveCfg = Release|Any CPU
		{451AFC81-0581-4ABB-93A0-332E1D845FBE}.Release|Any CPU.Build.0 = Release|Any CPU
	EndGlobalSection
	GlobalSection(SolutionProperties) = preSolution
		HideSolutionNode = FALSE
	EndGlobalSection
	GlobalSection(ExtensibilityGlobals) = postSolution
		SolutionGuid = {38E0C74C-23CF-4A12-9ACD-A744CCAD83A3}
	EndGlobalSection
EndGlobal
